
Microsoft Visual Studio Solution File, Format Version 12.00
# Visual Studio Version 17
VisualStudioVersion = 17.0.31903.59
MinimumVisualStudioVersion = 10.0.40219.1
Project("{FAE04EC0-301F-11D3-BF4B-00C04F79EFBC}") = "Crunchy", "Crunchy.csproj", "{6525D941-9228-4AD9-9ED1-5FBCF3FB8370}"
EndProject
Global
	GlobalSection(SolutionConfigurationPlatforms) = preSolution
		Debug|Any CPU = Debug|Any CPU
		Release|Any CPU = Release|Any CPU
	EndGlobalSection
	GlobalSection(ProjectConfigurationPlatforms) = postSolution
		{6525D941-9228-4AD9-9ED1-5FBCF3FB8370}.Debug|Any CPU.ActiveCfg = Debug|Any CPU
		{6525D941-9228-4AD9-9ED1-5FBCF3FB8370}.Debug|Any CPU.Build.0 = Debug|Any CPU
		{6525D941-9228-4AD9-9ED1-5FBCF3FB8370}.Release|Any CPU.ActiveCfg = Release|Any CPU
		{6525D941-9228-4AD9-9ED1-5FBCF3FB8370}.Release|Any CPU.Build.0 = Release|Any CPU
	EndGlobalSection
	GlobalSection(SolutionProperties) = preSolution
		HideSolutionNode = FALSE
	EndGlobalSection
	GlobalSection(ExtensibilityGlobals) = postSolution
		SolutionGuid = {CE61D1A8-FB54-40FB-BE9B-120106EFCF11}
	EndGlobalSection
EndGlobal
